// !$*UTF8*$!
{
	archiveVersion = 1;
	classes = {
	};
	objectVersion = 56;
	objects = {

/* Begin PBXBuildFile section */
		040F97F929B4B466008043E7 /* Operations.swift in Sources */ = {isa = PBXBuildFile; fileRef = 040F97F829B4B466008043E7 /* Operations.swift */; };
		040F97FB29B4D00F008043E7 /* CalculationModel.swift in Sources */ = {isa = PBXBuildFile; fileRef = 040F97FA29B4D00F008043E7 /* CalculationModel.swift */; };
		043FFB7B297D44160007BE37 /* AppDelegate.swift in Sources */ = {isa = PBXBuildFile; fileRef = 043FFB7A297D44160007BE37 /* AppDelegate.swift */; };
		043FFB7D297D44160007BE37 /* SceneDelegate.swift in Sources */ = {isa = PBXBuildFile; fileRef = 043FFB7C297D44160007BE37 /* SceneDelegate.swift */; };
		043FFB7F297D44160007BE37 /* CalculatorViewController.swift in Sources */ = {isa = PBXBuildFile; fileRef = 043FFB7E297D44160007BE37 /* CalculatorViewController.swift */; };
		043FFB84297D44170007BE37 /* Assets.xcassets in Resources */ = {isa = PBXBuildFile; fileRef = 043FFB83297D44170007BE37 /* Assets.xcassets */; };
		043FFB87297D44170007BE37 /* LaunchScreen.storyboard in Resources */ = {isa = PBXBuildFile; fileRef = 043FFB85297D44170007BE37 /* LaunchScreen.storyboard */; };
		043FFB94297D46BB0007BE37 /* CalcutatorView.swift in Sources */ = {isa = PBXBuildFile; fileRef = 043FFB93297D46BB0007BE37 /* CalcutatorView.swift */; };
		043FFB97297D5EF30007BE37 /* UIStackView+Ext.swift in Sources */ = {isa = PBXBuildFile; fileRef = 043FFB96297D5EF30007BE37 /* UIStackView+Ext.swift */; };
		04EDD26529CB285300002710 /* Double + Ext.swift in Sources */ = {isa = PBXBuildFile; fileRef = 04EDD26429CB285300002710 /* Double + Ext.swift */; };
		04EDD26729CB286100002710 /* String + Ext.swift in Sources */ = {isa = PBXBuildFile; fileRef = 04EDD26629CB286100002710 /* String + Ext.swift */; };
/* End PBXBuildFile section */

/* Begin PBXFileReference section */
		040F97F829B4B466008043E7 /* Operations.swift */ = {isa = PBXFileReference; lastKnownFileType = sourcecode.swift; path = Operations.swift; sourceTree = "<group>"; };
		040F97FA29B4D00F008043E7 /* CalculationModel.swift */ = {isa = PBXFileReference; lastKnownFileType = sourcecode.swift; path = CalculationModel.swift; sourceTree = "<group>"; };
		043FFB77297D44160007BE37 /* Calculator.app */ = {isa = PBXFileReference; explicitFileType = wrapper.application; includeInIndex = 0; path = Calculator.app; sourceTree = BUILT_PRODUCTS_DIR; };
		043FFB7A297D44160007BE37 /* AppDelegate.swift */ = {isa = PBXFileReference; lastKnownFileType = sourcecode.swift; path = AppDelegate.swift; sourceTree = "<group>"; };
		043FFB7C297D44160007BE37 /* SceneDelegate.swift */ = {isa = PBXFileReference; lastKnownFileType = sourcecode.swift; path = SceneDelegate.swift; sourceTree = "<group>"; };
		043FFB7E297D44160007BE37 /* CalculatorViewController.swift */ = {isa = PBXFileReference; lastKnownFileType = sourcecode.swift; path = CalculatorViewController.swift; sourceTree = "<group>"; };
		043FFB83297D44170007BE37 /* Assets.xcassets */ = {isa = PBXFileReference; lastKnownFileType = folder.assetcatalog; path = Assets.xcassets; sourceTree = "<group>"; };
		043FFB86297D44170007BE37 /* Base */ = {isa = PBXFileReference; lastKnownFileType = file.storyboard; name = Base; path = Base.lproj/LaunchScreen.storyboard; sourceTree = "<group>"; };
		043FFB88297D44170007BE37 /* Info.plist */ = {isa = PBXFileReference; lastKnownFileType = text.plist.xml; path = Info.plist; sourceTree = "<group>"; };
		043FFB93297D46BB0007BE37 /* CalcutatorView.swift */ = {isa = PBXFileReference; lastKnownFileType = sourcecode.swift; path = CalcutatorView.swift; sourceTree = "<group>"; };
		043FFB96297D5EF30007BE37 /* UIStackView+Ext.swift */ = {isa = PBXFileReference; lastKnownFileType = sourcecode.swift; path = "UIStackView+Ext.swift"; sourceTree = "<group>"; };
		04EDD26429CB285300002710 /* Double + Ext.swift */ = {isa = PBXFileReference; lastKnownFileType = sourcecode.swift; path = "Double + Ext.swift"; sourceTree = "<group>"; };
		04EDD26629CB286100002710 /* String + Ext.swift */ = {isa = PBXFileReference; lastKnownFileType = sourcecode.swift; path = "String + Ext.swift"; sourceTree = "<group>"; };
/* End PBXFileReference section */

/* Begin PBXFrameworksBuildPhase section */
		043FFB74297D44160007BE37 /* Frameworks */ = {
			isa = PBXFrameworksBuildPhase;
			buildActionMask = 2147483647;
			files = (
			);
			runOnlyForDeploymentPostprocessing = 0;
		};
/* End PBXFrameworksBuildPhase section */

/* Begin PBXGroup section */
		040F97F629B4B445008043E7 /* Model */ = {
			isa = PBXGroup;
			children = (
				040F97F829B4B466008043E7 /* Operations.swift */,
				040F97FA29B4D00F008043E7 /* CalculationModel.swift */,
			);
			path = Model;
			sourceTree = "<group>";
		};
		043FFB6E297D44160007BE37 = {
			isa = PBXGroup;
			children = (
				043FFB79297D44160007BE37 /* Calculator */,
				043FFB78297D44160007BE37 /* Products */,
			);
			sourceTree = "<group>";
		};
		043FFB78297D44160007BE37 /* Products */ = {
			isa = PBXGroup;
			children = (
				043FFB77297D44160007BE37 /* Calculator.app */,
			);
			name = Products;
			sourceTree = "<group>";
		};
		043FFB79297D44160007BE37 /* Calculator */ = {
			isa = PBXGroup;
			children = (
				043FFB92297D45C60007BE37 /* Source */,
				043FFB91297D45B90007BE37 /* Resource */,
			);
			path = Calculator;
			sourceTree = "<group>";
		};
		043FFB8E297D45860007BE37 /* App */ = {
			isa = PBXGroup;
			children = (
				043FFB7A297D44160007BE37 /* AppDelegate.swift */,
				043FFB7C297D44160007BE37 /* SceneDelegate.swift */,
			);
			path = App;
			sourceTree = "<group>";
		};
		043FFB8F297D458F0007BE37 /* View */ = {
			isa = PBXGroup;
			children = (
				043FFB93297D46BB0007BE37 /* CalcutatorView.swift */,
			);
			path = View;
			sourceTree = "<group>";
		};
		043FFB90297D459E0007BE37 /* Controller */ = {
			isa = PBXGroup;
			children = (
				043FFB7E297D44160007BE37 /* CalculatorViewController.swift */,
			);
			path = Controller;
			sourceTree = "<group>";
		};
		043FFB91297D45B90007BE37 /* Resource */ = {
			isa = PBXGroup;
			children = (
				043FFB83297D44170007BE37 /* Assets.xcassets */,
				043FFB85297D44170007BE37 /* LaunchScreen.storyboard */,
				043FFB88297D44170007BE37 /* Info.plist */,
			);
			path = Resource;
			sourceTree = "<group>";
		};
		043FFB92297D45C60007BE37 /* Source */ = {
			isa = PBXGroup;
			children = (
				04EDD26329CB284100002710 /* Extensions */,
				043FFB95297D5EE30007BE37 /* UIKit */,
				043FFB8E297D45860007BE37 /* App */,
				040F97F629B4B445008043E7 /* Model */,
				043FFB8F297D458F0007BE37 /* View */,
				043FFB90297D459E0007BE37 /* Controller */,
			);
			path = Source;
			sourceTree = "<group>";
		};
		043FFB95297D5EE30007BE37 /* UIKit */ = {
			isa = PBXGroup;
			children = (
				043FFB96297D5EF30007BE37 /* UIStackView+Ext.swift */,
			);
			path = UIKit;
			sourceTree = "<group>";
		};
		04EDD26329CB284100002710 /* Extensions */ = {
			isa = PBXGroup;
			children = (
				04EDD26429CB285300002710 /* Double + Ext.swift */,
				04EDD26629CB286100002710 /* String + Ext.swift */,
			);
			path = Extensions;
			sourceTree = "<group>";
		};
/* End PBXGroup section */

/* Begin PBXNativeTarget section */
		043FFB76297D44160007BE37 /* Calculator */ = {
			isa = PBXNativeTarget;
			buildConfigurationList = 043FFB8B297D44170007BE37 /* Build configuration list for PBXNativeTarget "Calculator" */;
			buildPhases = (
				043FFB73297D44160007BE37 /* Sources */,
				043FFB74297D44160007BE37 /* Frameworks */,
				043FFB75297D44160007BE37 /* Resources */,
			);
			buildRules = (
			);
			dependencies = (
			);
			name = Calculator;
			productName = Calculator;
			productReference = 043FFB77297D44160007BE37 /* Calculator.app */;
			productType = "com.apple.product-type.application";
		};
/* End PBXNativeTarget section */

/* Begin PBXProject section */
		043FFB6F297D44160007BE37 /* Project object */ = {
			isa = PBXProject;
			attributes = {
				BuildIndependentTargetsInParallel = 1;
				LastSwiftUpdateCheck = 1400;
				LastUpgradeCheck = 1400;
				TargetAttributes = {
					043FFB76297D44160007BE37 = {
						CreatedOnToolsVersion = 14.0.1;
					};
				};
			};
			buildConfigurationList = 043FFB72297D44160007BE37 /* Build configuration list for PBXProject "Calculator" */;
			compatibilityVersion = "Xcode 14.0";
			developmentRegion = en;
			hasScannedForEncodings = 0;
			knownRegions = (
				en,
				Base,
			);
			mainGroup = 043FFB6E297D44160007BE37;
			productRefGroup = 043FFB78297D44160007BE37 /* Products */;
			projectDirPath = "";
			projectRoot = "";
			targets = (
				043FFB76297D44160007BE37 /* Calculator */,
			);
		};
/* End PBXProject section */

/* Begin PBXResourcesBuildPhase section */
		043FFB75297D44160007BE37 /* Resources */ = {
			isa = PBXResourcesBuildPhase;
			buildActionMask = 2147483647;
			files = (
				043FFB87297D44170007BE37 /* LaunchScreen.storyboard in Resources */,
				043FFB84297D44170007BE37 /* Assets.xcassets in Resources */,
			);
			runOnlyForDeploymentPostprocessing = 0;
		};
/* End PBXResourcesBuildPhase section */

/* Begin PBXSourcesBuildPhase section */
		043FFB73297D44160007BE37 /* Sources */ = {
			isa = PBXSourcesBuildPhase;
			buildActionMask = 2147483647;
			files = (
				04EDD26729CB286100002710 /* String + Ext.swift in Sources */,
				043FFB94297D46BB0007BE37 /* CalcutatorView.swift in Sources */,
				043FFB97297D5EF30007BE37 /* UIStackView+Ext.swift in Sources */,
				040F97FB29B4D00F008043E7 /* CalculationModel.swift in Sources */,
				043FFB7F297D44160007BE37 /* CalculatorViewController.swift in Sources */,
				04EDD26529CB285300002710 /* Double + Ext.swift in Sources */,
				040F97F929B4B466008043E7 /* Operations.swift in Sources */,
				043FFB7B297D44160007BE37 /* AppDelegate.swift in Sources */,
				043FFB7D297D44160007BE37 /* SceneDelegate.swift in Sources */,
			);
			runOnlyForDeploymentPostprocessing = 0;
		};
/* End PBXSourcesBuildPhase section */

/* Begin PBXVariantGroup section */
		043FFB85297D44170007BE37 /* LaunchScreen.storyboard */ = {
			isa = PBXVariantGroup;
			children = (
				043FFB86297D44170007BE37 /* Base */,
			);
			name = LaunchScreen.storyboard;
			sourceTree = "<group>";
		};
/* End PBXVariantGroup section */

/* Begin XCBuildConfiguration section */
		043FFB89297D44170007BE37 /* Debug */ = {
			isa = XCBuildConfiguration;
			buildSettings = {
				ALWAYS_SEARCH_USER_PATHS = NO;
				CLANG_ANALYZER_NONNULL = YES;
				CLANG_ANALYZER_NUMBER_OBJECT_CONVERSION = YES_AGGRESSIVE;
				CLANG_CXX_LANGUAGE_STANDARD = "gnu++20";
				CLANG_ENABLE_MODULES = YES;
				CLANG_ENABLE_OBJC_ARC = YES;
				CLANG_ENABLE_OBJC_WEAK = YES;
				CLANG_WARN_BLOCK_CAPTURE_AUTORELEASING = YES;
				CLANG_WARN_BOOL_CONVERSION = YES;
				CLANG_WARN_COMMA = YES;
				CLANG_WARN_CONSTANT_CONVERSION = YES;
				CLANG_WARN_DEPRECATED_OBJC_IMPLEMENTATIONS = YES;
				CLANG_WARN_DIRECT_OBJC_ISA_USAGE = YES_ERROR;
				CLANG_WARN_DOCUMENTATION_COMMENTS = YES;
				CLANG_WARN_EMPTY_BODY = YES;
				CLANG_WARN_ENUM_CONVERSION = YES;
				CLANG_WARN_INFINITE_RECURSION = YES;
				CLANG_WARN_INT_CONVERSION = YES;
				CLANG_WARN_NON_LITERAL_NULL_CONVERSION = YES;
				CLANG_WARN_OBJC_IMPLICIT_RETAIN_SELF = YES;
				CLANG_WARN_OBJC_LITERAL_CONVERSION = YES;
				CLANG_WARN_OBJC_ROOT_CLASS = YES_ERROR;
				CLANG_WARN_QUOTED_INCLUDE_IN_FRAMEWORK_HEADER = YES;
				CLANG_WARN_RANGE_LOOP_ANALYSIS = YES;
				CLANG_WARN_STRICT_PROTOTYPES = YES;
				CLANG_WARN_SUSPICIOUS_MOVE = YES;
				CLANG_WARN_UNGUARDED_AVAILABILITY = YES_AGGRESSIVE;
				CLANG_WARN_UNREACHABLE_CODE = YES;
				CLANG_WARN__DUPLICATE_METHOD_MATCH = YES;
				COPY_PHASE_STRIP = NO;
				DEBUG_INFORMATION_FORMAT = dwarf;
				ENABLE_STRICT_OBJC_MSGSEND = YES;
				ENABLE_TESTABILITY = YES;
				GCC_C_LANGUAGE_STANDARD = gnu11;
				GCC_DYNAMIC_NO_PIC = NO;
				GCC_NO_COMMON_BLOCKS = YES;
				GCC_OPTIMIZATION_LEVEL = 0;
				GCC_PREPROCESSOR_DEFINITIONS = (
					"DEBUG=1",
					"$(inherited)",
				);
				GCC_WARN_64_TO_32_BIT_CONVERSION = YES;
				GCC_WARN_ABOUT_RETURN_TYPE = YES_ERROR;
				GCC_WARN_UNDECLARED_SELECTOR = YES;
				GCC_WARN_UNINITIALIZED_AUTOS = YES_AGGRESSIVE;
				GCC_WARN_UNUSED_FUNCTION = YES;
				GCC_WARN_UNUSED_VARIABLE = YES;
				IPHONEOS_DEPLOYMENT_TARGET = 16.0;
				MTL_ENABLE_DEBUG_INFO = INCLUDE_SOURCE;
				MTL_FAST_MATH = YES;
				ONLY_ACTIVE_ARCH = YES;
				SDKROOT = iphoneos;
				SWIFT_ACTIVE_COMPILATION_CONDITIONS = DEBUG;
				SWIFT_OPTIMIZATION_LEVEL = "-Onone";
			};
			name = Debug;
		};
		043FFB8A297D44170007BE37 /* Release */ = {
			isa = XCBuildConfiguration;
			buildSettings = {
				ALWAYS_SEARCH_USER_PATHS = NO;
				CLANG_ANALYZER_NONNULL = YES;
				CLANG_ANALYZER_NUMBER_OBJECT_CONVERSION = YES_AGGRESSIVE;
				CLANG_CXX_LANGUAGE_STANDARD = "gnu++20";
				CLANG_ENABLE_MODULES = YES;
				CLANG_ENABLE_OBJC_ARC = YES;
				CLANG_ENABLE_OBJC_WEAK = YES;
				CLANG_WARN_BLOCK_CAPTURE_AUTORELEASING = YES;
				CLANG_WARN_BOOL_CONVERSION = YES;
				CLANG_WARN_COMMA = YES;
				CLANG_WARN_CONSTANT_CONVERSION = YES;
				CLANG_WARN_DEPRECATED_OBJC_IMPLEMENTATIONS = YES;
				CLANG_WARN_DIRECT_OBJC_ISA_USAGE = YES_ERROR;
				CLANG_WARN_DOCUMENTATION_COMMENTS = YES;
				CLANG_WARN_EMPTY_BODY = YES;
				CLANG_WARN_ENUM_CONVERSION = YES;
				CLANG_WARN_INFINITE_RECURSION = YES;
				CLANG_WARN_INT_CONVERSION = YES;
				CLANG_WARN_NON_LITERAL_NULL_CONVERSION = YES;
				CLANG_WARN_OBJC_IMPLICIT_RETAIN_SELF = YES;
				CLANG_WARN_OBJC_LITERAL_CONVERSION = YES;
				CLANG_WARN_OBJC_ROOT_CLASS = YES_ERROR;
				CLANG_WARN_QUOTED_INCLUDE_IN_FRAMEWORK_HEADER = YES;
				CLANG_WARN_RANGE_LOOP_ANALYSIS = YES;
				CLANG_WARN_STRICT_PROTOTYPES = YES;
				CLANG_WARN_SUSPICIOUS_MOVE = YES;
				CLANG_WARN_UNGUARDED_AVAILABILITY = YES_AGGRESSIVE;
				CLANG_WARN_UNREACHABLE_CODE = YES;
				CLANG_WARN__DUPLICATE_METHOD_MATCH = YES;
				COPY_PHASE_STRIP = NO;
				DEBUG_INFORMATION_FORMAT = "dwarf-with-dsym";
				ENABLE_NS_ASSERTIONS = NO;
				ENABLE_STRICT_OBJC_MSGSEND = YES;
				GCC_C_LANGUAGE_STANDARD = gnu11;
				GCC_NO_COMMON_BLOCKS = YES;
				GCC_WARN_64_TO_32_BIT_CONVERSION = YES;
				GCC_WARN_ABOUT_RETURN_TYPE = YES_ERROR;
				GCC_WARN_UNDECLARED_SELECTOR = YES;
				GCC_WARN_UNINITIALIZED_AUTOS = YES_AGGRESSIVE;
				GCC_WARN_UNUSED_FUNCTION = YES;
				GCC_WARN_UNUSED_VARIABLE = YES;
				IPHONEOS_DEPLOYMENT_TARGET = 16.0;
				MTL_ENABLE_DEBUG_INFO = NO;
				MTL_FAST_MATH = YES;
				SDKROOT = iphoneos;
				SWIFT_COMPILATION_MODE = wholemodule;
				SWIFT_OPTIMIZATION_LEVEL = "-O";
				VALIDATE_PRODUCT = YES;
			};
			name = Release;
		};
		043FFB8C297D44170007BE37 /* Debug */ = {
			isa = XCBuildConfiguration;
			buildSettings = {
				ASSETCATALOG_COMPILER_APPICON_NAME = AppIcon;
				ASSETCATALOG_COMPILER_GLOBAL_ACCENT_COLOR_NAME = AccentColor;
				CODE_SIGN_STYLE = Automatic;
				CURRENT_PROJECT_VERSION = 1;
				GENERATE_INFOPLIST_FILE = YES;
				INFOPLIST_FILE = Calculator/Resource/Info.plist;
				INFOPLIST_KEY_UIApplicationSupportsIndirectInputEvents = YES;
				INFOPLIST_KEY_UILaunchStoryboardName = LaunchScreen;
				INFOPLIST_KEY_UISupportedInterfaceOrientations = UIInterfaceOrientationPortrait;
				INFOPLIST_KEY_UISupportedInterfaceOrientations_iPad = "UIInterfaceOrientationLandscapeLeft UIInterfaceOrientationLandscapeRight UIInterfaceOrientationPortrait UIInterfaceOrientationPortraitUpsideDown";
				LD_RUNPATH_SEARCH_PATHS = (
					"$(inherited)",
					"@executable_path/Frameworks",
				);
				MARKETING_VERSION = 1.0;
				PRODUCT_BUNDLE_IDENTIFIER = com.my.Calculator;
				PRODUCT_NAME = "$(TARGET_NAME)";
				SUPPORTED_PLATFORMS = "iphoneos iphonesimulator";
				SUPPORTS_MACCATALYST = NO;
				SUPPORTS_MAC_DESIGNED_FOR_IPHONE_IPAD = NO;
				SWIFT_EMIT_LOC_STRINGS = YES;
				SWIFT_VERSION = 5.0;
				TARGETED_DEVICE_FAMILY = 1;
			};
			name = Debug;
		};
		043FFB8D297D44170007BE37 /* Release */ = {
			isa = XCBuildConfiguration;
			buildSettings = {
				ASSETCATALOG_COMPILER_APPICON_NAME = AppIcon;
				ASSETCATALOG_COMPILER_GLOBAL_ACCENT_COLOR_NAME = AccentColor;
				CODE_SIGN_STYLE = Automatic;
				CURRENT_PROJECT_VERSION = 1;
				GENERATE_INFOPLIST_FILE = YES;
				INFOPLIST_FILE = Calculator/Resource/Info.plist;
				INFOPLIST_KEY_UIApplicationSupportsIndirectInputEvents = YES;
				INFOPLIST_KEY_UILaunchStoryboardName = LaunchScreen;
				INFOPLIST_KEY_UISupportedInterfaceOrientations = UIInterfaceOrientationPortrait;
				INFOPLIST_KEY_UISupportedInterfaceOrientations_iPad = "UIInterfaceOrientationLandscapeLeft UIInterfaceOrientationLandscapeRight UIInterfaceOrientationPortrait UIInterfaceOrientationPortraitUpsideDown";
				LD_RUNPATH_SEARCH_PATHS = (
					"$(inherited)",
					"@executable_path/Frameworks",
				);
				MARKETING_VERSION = 1.0;
				PRODUCT_BUNDLE_IDENTIFIER = com.my.Calculator;
				PRODUCT_NAME = "$(TARGET_NAME)";
				SUPPORTED_PLATFORMS = "iphoneos iphonesimulator";
				SUPPORTS_MACCATALYST = NO;
				SUPPORTS_MAC_DESIGNED_FOR_IPHONE_IPAD = NO;
				SWIFT_EMIT_LOC_STRINGS = YES;
				SWIFT_VERSION = 5.0;
				TARGETED_DEVICE_FAMILY = 1;
			};
			name = Release;
		};
/* End XCBuildConfiguration section */

/* Begin XCConfigurationList section */
		043FFB72297D44160007BE37 /* Build configuration list for PBXProject "Calculator" */ = {
			isa = XCConfigurationList;
			buildConfigurations = (
				043FFB89297D44170007BE37 /* Debug */,
				043FFB8A297D44170007BE37 /* Release */,
			);
			defaultConfigurationIsVisible = 0;
			defaultConfigurationName = Release;
		};
		043FFB8B297D44170007BE37 /* Build configuration list for PBXNativeTarget "Calculator" */ = {
			isa = XCConfigurationList;
			buildConfigurations = (
				043FFB8C297D44170007BE37 /* Debug */,
				043FFB8D297D44170007BE37 /* Release */,
			);
			defaultConfigurationIsVisible = 0;
			defaultConfigurationName = Release;
		};
/* End XCConfigurationList section */
	};
	rootObject = 043FFB6F297D44160007BE37 /* Project object */;
}
